lockfileVersion: '9.0'

settings:
  autoInstallPeers: true
  excludeLinksFromLockfile: false

importers:

  .:
    dependencies:
      '@josanz-erp/services-api':
        specifier: workspace:*
        version: link:../../../api/services/api
      '@josanz-erp/shared-model':
        specifier: workspace:*
        version: link:../../../shared/model
